
Microsoft Visual Studio Solution File, Format Version 12.00
# Visual Studio Version 16
VisualStudioVersion = 16.0.30320.27
MinimumVisualStudioVersion = 10.0.40219.1
Project("{FAE04EC0-301F-11D3-BF4B-00C04F79EFBC}") = "BookListMVC", "BookListMVC\BookListMVC.csproj", "{F5ACA4FF-98C8-4EBC-B8A3-83499373B2A8}"
EndProject
Global
	GlobalSection(SolutionConfigurationPlatforms) = preSolution
		Debug|Any CPU = Debug|Any CPU
		Release|Any CPU = Release|Any CPU
	EndGlobalSection
	GlobalSection(ProjectConfigurationPlatforms) = postSolution
		{F5ACA4FF-98C8-4EBC-B8A3-83499373B2A8}.Debug|Any CPU.ActiveCfg = Debug|Any CPU
		{F5ACA4FF-98C8-4EBC-B8A3-83499373B2A8}.Debug|Any CPU.Build.0 = Debug|Any CPU
		{F5ACA4FF-98C8-4EBC-B8A3-83499373B2A8}.Release|Any CPU.ActiveCfg = Release|Any CPU
		{F5ACA4FF-98C8-4EBC-B8A3-83499373B2A8}.Release|Any CPU.Build.0 = Release|Any CPU
	EndGlobalSection
	GlobalSection(SolutionProperties) = preSolution
		HideSolutionNode = FALSE
	EndGlobalSection
	GlobalSection(ExtensibilityGlobals) = postSolution
		SolutionGuid = {14A2EA94-EC37-4DD1-94A0-5C0C6527C120}
	EndGlobalSection
EndGlobal
